// !$*UTF8*$!
{
	archiveVersion = 1;
	classes = {
	};
	objectVersion = 50;
	objects = {

/* Begin PBXBuildFile section */
		44073B3C24C1E70100FF4955 /* AppDelegate.swift in Sources */ = {isa = PBXBuildFile; fileRef = 44073B3B24C1E70100FF4955 /* AppDelegate.swift */; };
		44073B3E24C1E70100FF4955 /* SceneDelegate.swift in Sources */ = {isa = PBXBuildFile; fileRef = 44073B3D24C1E70100FF4955 /* SceneDelegate.swift */; };
		44073B4124C1E70100FF4955 /* Weather.xcdatamodeld in Sources */ = {isa = PBXBuildFile; fileRef = 44073B3F24C1E70100FF4955 /* Weather.xcdatamodeld */; };
		44073B4324C1E70100FF4955 /* LocationListView.swift in Sources */ = {isa = PBXBuildFile; fileRef = 44073B4224C1E70100FF4955 /* LocationListView.swift */; };
		44073B4524C1E70400FF4955 /* Assets.xcassets in Resources */ = {isa = PBXBuildFile; fileRef = 44073B4424C1E70400FF4955 /* Assets.xcassets */; };
		44073B4824C1E70400FF4955 /* Preview Assets.xcassets in Resources */ = {isa = PBXBuildFile; fileRef = 44073B4724C1E70400FF4955 /* Preview Assets.xcassets */; };
		44073B4B24C1E70400FF4955 /* LaunchScreen.storyboard in Resources */ = {isa = PBXBuildFile; fileRef = 44073B4924C1E70400FF4955 /* LaunchScreen.storyboard */; };
		44073B5324C1FAE700FF4955 /* WeatherFetcher.swift in Sources */ = {isa = PBXBuildFile; fileRef = 44073B5224C1FAE700FF4955 /* WeatherFetcher.swift */; };
		44073B5524C1FB3600FF4955 /* Location.swift in Sources */ = {isa = PBXBuildFile; fileRef = 44073B5424C1FB3600FF4955 /* Location.swift */; };
		44073B5724C207F000FF4955 /* LocationSearch.swift in Sources */ = {isa = PBXBuildFile; fileRef = 44073B5624C207F000FF4955 /* LocationSearch.swift */; };
		44073B5B24C2087A00FF4955 /* LocationListItem.swift in Sources */ = {isa = PBXBuildFile; fileRef = 44073B5A24C2087A00FF4955 /* LocationListItem.swift */; };
		44614CE424D452C4006A49DB /* LocationFetcher.swift in Sources */ = {isa = PBXBuildFile; fileRef = 44614CE324D452C4006A49DB /* LocationFetcher.swift */; };
		447293C424D06E7C0056F517 /* OWLocation.swift in Sources */ = {isa = PBXBuildFile; fileRef = 447293C324D06E7C0056F517 /* OWLocation.swift */; };
		447293C824D078D60056F517 /* OWFindRequest.swift in Sources */ = {isa = PBXBuildFile; fileRef = 447293C724D078D60056F517 /* OWFindRequest.swift */; };
		4473BF3124D19F2200A5738A /* OWWeatherRequest.swift in Sources */ = {isa = PBXBuildFile; fileRef = 4473BF3024D19F2200A5738A /* OWWeatherRequest.swift */; };
		4497239724D2F5C0006002AE /* NSPredicate+All.swift in Sources */ = {isa = PBXBuildFile; fileRef = 4497239624D2F5C0006002AE /* NSPredicate+All.swift */; };
		44A9275924D3110400B39F3B /* Weather.swift in Sources */ = {isa = PBXBuildFile; fileRef = 44A9275824D3110400B39F3B /* Weather.swift */; };
		44B58EEC24CF341700E72029 /* OWRequest.swift in Sources */ = {isa = PBXBuildFile; fileRef = 44B58EEB24CF341700E72029 /* OWRequest.swift */; };
/* End PBXBuildFile section */

/* Begin PBXFileReference section */
		44073B3824C1E70100FF4955 /* Weather.app */ = {isa = PBXFileReference; explicitFileType = wrapper.application; includeInIndex = 0; path = Weather.app; sourceTree = BUILT_PRODUCTS_DIR; };
		44073B3B24C1E70100FF4955 /* AppDelegate.swift */ = {isa = PBXFileReference; lastKnownFileType = sourcecode.swift; path = AppDelegate.swift; sourceTree = "<group>"; };
		44073B3D24C1E70100FF4955 /* SceneDelegate.swift */ = {isa = PBXFileReference; lastKnownFileType = sourcecode.swift; path = SceneDelegate.swift; sourceTree = "<group>"; };
		44073B4024C1E70100FF4955 /* Weather.xcdatamodel */ = {isa = PBXFileReference; lastKnownFileType = wrapper.xcdatamodel; path = Weather.xcdatamodel; sourceTree = "<group>"; };
		44073B4224C1E70100FF4955 /* LocationListView.swift */ = {isa = PBXFileReference; lastKnownFileType = sourcecode.swift; path = LocationListView.swift; sourceTree = "<group>"; };
		44073B4424C1E70400FF4955 /* Assets.xcassets */ = {isa = PBXFileReference; lastKnownFileType = folder.assetcatalog; path = Assets.xcassets; sourceTree = "<group>"; };
		44073B4724C1E70400FF4955 /* Preview Assets.xcassets */ = {isa = PBXFileReference; lastKnownFileType = folder.assetcatalog; path = "Preview Assets.xcassets"; sourceTree = "<group>"; };
		44073B4A24C1E70400FF4955 /* Base */ = {isa = PBXFileReference; lastKnownFileType = file.storyboard; name = Base; path = Base.lproj/LaunchScreen.storyboard; sourceTree = "<group>"; };
		44073B4C24C1E70400FF4955 /* Info.plist */ = {isa = PBXFileReference; lastKnownFileType = text.plist.xml; path = Info.plist; sourceTree = "<group>"; };
		44073B5224C1FAE700FF4955 /* WeatherFetcher.swift */ = {isa = PBXFileReference; lastKnownFileType = sourcecode.swift; path = WeatherFetcher.swift; sourceTree = "<group>"; };
		44073B5424C1FB3600FF4955 /* Location.swift */ = {isa = PBXFileReference; lastKnownFileType = sourcecode.swift; path = Location.swift; sourceTree = "<group>"; };
		44073B5624C207F000FF4955 /* LocationSearch.swift */ = {isa = PBXFileReference; lastKnownFileType = sourcecode.swift; path = LocationSearch.swift; sourceTree = "<group>"; };
		44073B5A24C2087A00FF4955 /* LocationListItem.swift */ = {isa = PBXFileReference; lastKnownFileType = sourcecode.swift; path = LocationListItem.swift; sourceTree = "<group>"; };
		44614CE324D452C4006A49DB /* LocationFetcher.swift */ = {isa = PBXFileReference; lastKnownFileType = sourcecode.swift; path = LocationFetcher.swift; sourceTree = "<group>"; };
		447293C324D06E7C0056F517 /* OWLocation.swift */ = {isa = PBXFileReference; lastKnownFileType = sourcecode.swift; path = OWLocation.swift; sourceTree = "<group>"; };
		447293C724D078D60056F517 /* OWFindRequest.swift */ = {isa = PBXFileReference; lastKnownFileType = sourcecode.swift; path = OWFindRequest.swift; sourceTree = "<group>"; };
		4473BF3024D19F2200A5738A /* OWWeatherRequest.swift */ = {isa = PBXFileReference; lastKnownFileType = sourcecode.swift; path = OWWeatherRequest.swift; sourceTree = "<group>"; };
		4497239624D2F5C0006002AE /* NSPredicate+All.swift */ = {isa = PBXFileReference; lastKnownFileType = sourcecode.swift; path = "NSPredicate+All.swift"; sourceTree = "<group>"; };
		44A9275824D3110400B39F3B /* Weather.swift */ = {isa = PBXFileReference; lastKnownFileType = sourcecode.swift; path = Weather.swift; sourceTree = "<group>"; };
		44B58EEB24CF341700E72029 /* OWRequest.swift */ = {isa = PBXFileReference; lastKnownFileType = sourcecode.swift; path = OWRequest.swift; sourceTree = "<group>"; };
/* End PBXFileReference section */

/* Begin PBXFrameworksBuildPhase section */
		44073B3524C1E70100FF4955 /* Frameworks */ = {
			isa = PBXFrameworksBuildPhase;
			buildActionMask = 2147483647;
			files = (
			);
			runOnlyForDeploymentPostprocessing = 0;
		};
/* End PBXFrameworksBuildPhase section */

/* Begin PBXGroup section */
		44073B2F24C1E70100FF4955 = {
			isa = PBXGroup;
			children = (
				44073B3A24C1E70100FF4955 /* Weather */,
				44073B3924C1E70100FF4955 /* Products */,
			);
			sourceTree = "<group>";
		};
		44073B3924C1E70100FF4955 /* Products */ = {
			isa = PBXGroup;
			children = (
				44073B3824C1E70100FF4955 /* Weather.app */,
			);
			name = Products;
			sourceTree = "<group>";
		};
		44073B3A24C1E70100FF4955 /* Weather */ = {
			isa = PBXGroup;
			children = (
				44073B3F24C1E70100FF4955 /* Weather.xcdatamodeld */,
				44614CE524D45380006A49DB /* Fetchers */,
				4497239524D2F580006002AE /* Extensions */,
				44B58EEA24CF33E600E72029 /* OpenWeather */,
				4497239424D2F554006002AE /* Model */,
				44073B5824C2082A00FF4955 /* Views */,
				44073B3B24C1E70100FF4955 /* AppDelegate.swift */,
				44073B3D24C1E70100FF4955 /* SceneDelegate.swift */,
				44073B4424C1E70400FF4955 /* Assets.xcassets */,
				44073B4924C1E70400FF4955 /* LaunchScreen.storyboard */,
				44073B4C24C1E70400FF4955 /* Info.plist */,
				44073B4624C1E70400FF4955 /* Preview Content */,
			);
			path = Weather;
			sourceTree = "<group>";
		};
		44073B4624C1E70400FF4955 /* Preview Content */ = {
			isa = PBXGroup;
			children = (
				44073B4724C1E70400FF4955 /* Preview Assets.xcassets */,
			);
			path = "Preview Content";
			sourceTree = "<group>";
		};
		44073B5824C2082A00FF4955 /* Views */ = {
			isa = PBXGroup;
			children = (
				44073B4224C1E70100FF4955 /* LocationListView.swift */,
				44073B5624C207F000FF4955 /* LocationSearch.swift */,
				44073B5A24C2087A00FF4955 /* LocationListItem.swift */,
			);
			path = Views;
			sourceTree = "<group>";
		};
		44614CE524D45380006A49DB /* Fetchers */ = {
			isa = PBXGroup;
			children = (
				44073B5224C1FAE700FF4955 /* WeatherFetcher.swift */,
				44614CE324D452C4006A49DB /* LocationFetcher.swift */,
			);
			path = Fetchers;
			sourceTree = "<group>";
		};
		4497239424D2F554006002AE /* Model */ = {
			isa = PBXGroup;
			children = (
				44073B5424C1FB3600FF4955 /* Location.swift */,
				44A9275824D3110400B39F3B /* Weather.swift */,
			);
			path = Model;
			sourceTree = "<group>";
		};
		4497239524D2F580006002AE /* Extensions */ = {
			isa = PBXGroup;
			children = (
				4497239624D2F5C0006002AE /* NSPredicate+All.swift */,
			);
			path = Extensions;
			sourceTree = "<group>";
		};
		44B58EEA24CF33E600E72029 /* OpenWeather */ = {
			isa = PBXGroup;
			children = (
				44B58EEB24CF341700E72029 /* OWRequest.swift */,
				447293C724D078D60056F517 /* OWFindRequest.swift */,
				4473BF3024D19F2200A5738A /* OWWeatherRequest.swift */,
				447293C324D06E7C0056F517 /* OWLocation.swift */,
			);
			path = OpenWeather;
			sourceTree = "<group>";
		};
/* End PBXGroup section */

/* Begin PBXNativeTarget section */
		44073B3724C1E70100FF4955 /* Weather */ = {
			isa = PBXNativeTarget;
			buildConfigurationList = 44073B4F24C1E70400FF4955 /* Build configuration list for PBXNativeTarget "Weather" */;
			buildPhases = (
				44073B3424C1E70100FF4955 /* Sources */,
				44073B3524C1E70100FF4955 /* Frameworks */,
				44073B3624C1E70100FF4955 /* Resources */,
			);
			buildRules = (
			);
			dependencies = (
			);
			name = Weather;
			productName = Weather;
			productReference = 44073B3824C1E70100FF4955 /* Weather.app */;
			productType = "com.apple.product-type.application";
		};
/* End PBXNativeTarget section */

/* Begin PBXProject section */
		44073B3024C1E70100FF4955 /* Project object */ = {
			isa = PBXProject;
			attributes = {
				LastSwiftUpdateCheck = 1150;
				LastUpgradeCheck = 1150;
				ORGANIZATIONNAME = "Eugene Kurapov";
				TargetAttributes = {
					44073B3724C1E70100FF4955 = {
						CreatedOnToolsVersion = 11.5;
					};
				};
			};
			buildConfigurationList = 44073B3324C1E70100FF4955 /* Build configuration list for PBXProject "Weather" */;
			compatibilityVersion = "Xcode 9.3";
			developmentRegion = en;
			hasScannedForEncodings = 0;
			knownRegions = (
				en,
				Base,
			);
			mainGroup = 44073B2F24C1E70100FF4955;
			productRefGroup = 44073B3924C1E70100FF4955 /* Products */;
			projectDirPath = "";
			projectRoot = "";
			targets = (
				44073B3724C1E70100FF4955 /* Weather */,
			);
		};
/* End PBXProject section */

/* Begin PBXResourcesBuildPhase section */
		44073B3624C1E70100FF4955 /* Resources */ = {
			isa = PBXResourcesBuildPhase;
			buildActionMask = 2147483647;
			files = (
				44073B4B24C1E70400FF4955 /* LaunchScreen.storyboard in Resources */,
				44073B4824C1E70400FF4955 /* Preview Assets.xcassets in Resources */,
				44073B4524C1E70400FF4955 /* Assets.xcassets in Resources */,
			);
			runOnlyForDeploymentPostprocessing = 0;
		};
/* End PBXResourcesBuildPhase section */

/* Begin PBXSourcesBuildPhase section */
		44073B3424C1E70100FF4955 /* Sources */ = {
			isa = PBXSourcesBuildPhase;
			buildActionMask = 2147483647;
			files = (
				4473BF3124D19F2200A5738A /* OWWeatherRequest.swift in Sources */,
				44073B4124C1E70100FF4955 /* Weather.xcdatamodeld in Sources */,
				44614CE424D452C4006A49DB /* LocationFetcher.swift in Sources */,
				44073B3C24C1E70100FF4955 /* AppDelegate.swift in Sources */,
				44073B5524C1FB3600FF4955 /* Location.swift in Sources */,
				44073B4324C1E70100FF4955 /* LocationListView.swift in Sources */,
				44073B5724C207F000FF4955 /* LocationSearch.swift in Sources */,
				44A9275924D3110400B39F3B /* Weather.swift in Sources */,
				44073B5B24C2087A00FF4955 /* LocationListItem.swift in Sources */,
				4497239724D2F5C0006002AE /* NSPredicate+All.swift in Sources */,
				447293C424D06E7C0056F517 /* OWLocation.swift in Sources */,
				44073B5324C1FAE700FF4955 /* WeatherFetcher.swift in Sources */,
				44B58EEC24CF341700E72029 /* OWRequest.swift in Sources */,
				447293C824D078D60056F517 /* OWFindRequest.swift in Sources */,
				44073B3E24C1E70100FF4955 /* SceneDelegate.swift in Sources */,
			);
			runOnlyForDeploymentPostprocessing = 0;
		};
/* End PBXSourcesBuildPhase section */

/* Begin PBXVariantGroup section */
		44073B4924C1E70400FF4955 /* LaunchScreen.storyboard */ = {
			isa = PBXVariantGroup;
			children = (
				44073B4A24C1E70400FF4955 /* Base */,
			);
			name = LaunchScreen.storyboard;
			sourceTree = "<group>";
		};
/* End PBXVariantGroup section */

/* Begin XCBuildConfiguration section */
		44073B4D24C1E70400FF4955 /* Debug */ = {
			isa = XCBuildConfiguration;
			buildSettings = {
				ALWAYS_SEARCH_USER_PATHS = NO;
				CLANG_ANALYZER_NONNULL = YES;
				CLANG_ANALYZER_NUMBER_OBJECT_CONVERSION = YES_AGGRESSIVE;
				CLANG_CXX_LANGUAGE_STANDARD = "gnu++14";
				CLANG_CXX_LIBRARY = "libc++";
				CLANG_ENABLE_MODULES = YES;
				CLANG_ENABLE_OBJC_ARC = YES;
				CLANG_ENABLE_OBJC_WEAK = YES;
				CLANG_WARN_BLOCK_CAPTURE_AUTORELEASING = YES;
				CLANG_WARN_BOOL_CONVERSION = YES;
				CLANG_WARN_COMMA = YES;
				CLANG_WARN_CONSTANT_CONVERSION = YES;
				CLANG_WARN_DEPRECATED_OBJC_IMPLEMENTATIONS = YES;
				CLANG_WARN_DIRECT_OBJC_ISA_USAGE = YES_ERROR;
				CLANG_WARN_DOCUMENTATION_COMMENTS = YES;
				CLANG_WARN_EMPTY_BODY = YES;
				CLANG_WARN_ENUM_CONVERSION = YES;
				CLANG_WARN_INFINITE_RECURSION = YES;
				CLANG_WARN_INT_CONVERSION = YES;
				CLANG_WARN_NON_LITERAL_NULL_CONVERSION = YES;
				CLANG_WARN_OBJC_IMPLICIT_RETAIN_SELF = YES;
				CLANG_WARN_OBJC_LITERAL_CONVERSION = YES;
				CLANG_WARN_OBJC_ROOT_CLASS = YES_ERROR;
				CLANG_WARN_RANGE_LOOP_ANALYSIS = YES;
				CLANG_WARN_STRICT_PROTOTYPES = YES;
				CLANG_WARN_SUSPICIOUS_MOVE = YES;
				CLANG_WARN_UNGUARDED_AVAILABILITY = YES_AGGRESSIVE;
				CLANG_WARN_UNREACHABLE_CODE = YES;
				CLANG_WARN__DUPLICATE_METHOD_MATCH = YES;
				COPY_PHASE_STRIP = NO;
				DEBUG_INFORMATION_FORMAT = dwarf;
				ENABLE_STRICT_OBJC_MSGSEND = YES;
				ENABLE_TESTABILITY = YES;
				GCC_C_LANGUAGE_STANDARD = gnu11;
				GCC_DYNAMIC_NO_PIC = NO;
				GCC_NO_COMMON_BLOCKS = YES;
				GCC_OPTIMIZATION_LEVEL = 0;
				GCC_PREPROCESSOR_DEFINITIONS = (
					"DEBUG=1",
					"$(inherited)",
				);
				GCC_WARN_64_TO_32_BIT_CONVERSION = YES;
				GCC_WARN_ABOUT_RETURN_TYPE = YES_ERROR;
				GCC_WARN_UNDECLARED_SELECTOR = YES;
				GCC_WARN_UNINITIALIZED_AUTOS = YES_AGGRESSIVE;
				GCC_WARN_UNUSED_FUNCTION = YES;
				GCC_WARN_UNUSED_VARIABLE = YES;
				IPHONEOS_DEPLOYMENT_TARGET = 13.5;
				MTL_ENABLE_DEBUG_INFO = INCLUDE_SOURCE;
				MTL_FAST_MATH = YES;
				ONLY_ACTIVE_ARCH = YES;
				SDKROOT = iphoneos;
				SWIFT_ACTIVE_COMPILATION_CONDITIONS = DEBUG;
				SWIFT_OPTIMIZATION_LEVEL = "-Onone";
			};
			name = Debug;
		};
		44073B4E24C1E70400FF4955 /* Release */ = {
			isa = XCBuildConfiguration;
			buildSettings = {
				ALWAYS_SEARCH_USER_PATHS = NO;
				CLANG_ANALYZER_NONNULL = YES;
				CLANG_ANALYZER_NUMBER_OBJECT_CONVERSION = YES_AGGRESSIVE;
				CLANG_CXX_LANGUAGE_STANDARD = "gnu++14";
				CLANG_CXX_LIBRARY = "libc++";
				CLANG_ENABLE_MODULES = YES;
				CLANG_ENABLE_OBJC_ARC = YES;
				CLANG_ENABLE_OBJC_WEAK = YES;
				CLANG_WARN_BLOCK_CAPTURE_AUTORELEASING = YES;
				CLANG_WARN_BOOL_CONVERSION = YES;
				CLANG_WARN_COMMA = YES;
				CLANG_WARN_CONSTANT_CONVERSION = YES;
				CLANG_WARN_DEPRECATED_OBJC_IMPLEMENTATIONS = YES;
				CLANG_WARN_DIRECT_OBJC_ISA_USAGE = YES_ERROR;
				CLANG_WARN_DOCUMENTATION_COMMENTS = YES;
				CLANG_WARN_EMPTY_BODY = YES;
				CLANG_WARN_ENUM_CONVERSION = YES;
				CLANG_WARN_INFINITE_RECURSION = YES;
				CLANG_WARN_INT_CONVERSION = YES;
				CLANG_WARN_NON_LITERAL_NULL_CONVERSION = YES;
				CLANG_WARN_OBJC_IMPLICIT_RETAIN_SELF = YES;
				CLANG_WARN_OBJC_LITERAL_CONVERSION = YES;
				CLANG_WARN_OBJC_ROOT_CLASS = YES_ERROR;
				CLANG_WARN_RANGE_LOOP_ANALYSIS = YES;
				CLANG_WARN_STRICT_PROTOTYPES = YES;
				CLANG_WARN_SUSPICIOUS_MOVE = YES;
				CLANG_WARN_UNGUARDED_AVAILABILITY = YES_AGGRESSIVE;
				CLANG_WARN_UNREACHABLE_CODE = YES;
				CLANG_WARN__DUPLICATE_METHOD_MATCH = YES;
				COPY_PHASE_STRIP = NO;
				DEBUG_INFORMATION_FORMAT = "dwarf-with-dsym";
				ENABLE_NS_ASSERTIONS = NO;
				ENABLE_STRICT_OBJC_MSGSEND = YES;
				GCC_C_LANGUAGE_STANDARD = gnu11;
				GCC_NO_COMMON_BLOCKS = YES;
				GCC_WARN_64_TO_32_BIT_CONVERSION = YES;
				GCC_WARN_ABOUT_RETURN_TYPE = YES_ERROR;
				GCC_WARN_UNDECLARED_SELECTOR = YES;
				GCC_WARN_UNINITIALIZED_AUTOS = YES_AGGRESSIVE;
				GCC_WARN_UNUSED_FUNCTION = YES;
				GCC_WARN_UNUSED_VARIABLE = YES;
				IPHONEOS_DEPLOYMENT_TARGET = 13.5;
				MTL_ENABLE_DEBUG_INFO = NO;
				MTL_FAST_MATH = YES;
				SDKROOT = iphoneos;
				SWIFT_COMPILATION_MODE = wholemodule;
				SWIFT_OPTIMIZATION_LEVEL = "-O";
				VALIDATE_PRODUCT = YES;
			};
			name = Release;
		};
		44073B5024C1E70400FF4955 /* Debug */ = {
			isa = XCBuildConfiguration;
			buildSettings = {
				ASSETCATALOG_COMPILER_APPICON_NAME = AppIcon;
				CODE_SIGN_STYLE = Automatic;
				DEVELOPMENT_ASSET_PATHS = "\"Weather/Preview Content\"";
				DEVELOPMENT_TEAM = U7LPWT9WWY;
				ENABLE_PREVIEWS = YES;
				INFOPLIST_FILE = Weather/Info.plist;
				LD_RUNPATH_SEARCH_PATHS = (
					"$(inherited)",
					"@executable_path/Frameworks",
				);
				PRODUCT_BUNDLE_IDENTIFIER = com.eukurapov.Weather;
				PRODUCT_NAME = "$(TARGET_NAME)";
				SWIFT_VERSION = 5.0;
				TARGETED_DEVICE_FAMILY = "1,2";
			};
			name = Debug;
		};
		44073B5124C1E70400FF4955 /* Release */ = {
			isa = XCBuildConfiguration;
			buildSettings = {
				ASSETCATALOG_COMPILER_APPICON_NAME = AppIcon;
				CODE_SIGN_STYLE = Automatic;
				DEVELOPMENT_ASSET_PATHS = "\"Weather/Preview Content\"";
				DEVELOPMENT_TEAM = U7LPWT9WWY;
				ENABLE_PREVIEWS = YES;
				INFOPLIST_FILE = Weather/Info.plist;
				LD_RUNPATH_SEARCH_PATHS = (
					"$(inherited)",
					"@executable_path/Frameworks",
				);
				PRODUCT_BUNDLE_IDENTIFIER = com.eukurapov.Weather;
				PRODUCT_NAME = "$(TARGET_NAME)";
				SWIFT_VERSION = 5.0;
				TARGETED_DEVICE_FAMILY = "1,2";
			};
			name = Release;
		};
/* End XCBuildConfiguration section */

/* Begin XCConfigurationList section */
		44073B3324C1E70100FF4955 /* Build configuration list for PBXProject "Weather" */ = {
			isa = XCConfigurationList;
			buildConfigurations = (
				44073B4D24C1E70400FF4955 /* Debug */,
				44073B4E24C1E70400FF4955 /* Release */,
			);
			defaultConfigurationIsVisible = 0;
			defaultConfigurationName = Release;
		};
		44073B4F24C1E70400FF4955 /* Build configuration list for PBXNativeTarget "Weather" */ = {
			isa = XCConfigurationList;
			buildConfigurations = (
				44073B5024C1E70400FF4955 /* Debug */,
				44073B5124C1E70400FF4955 /* Release */,
			);
			defaultConfigurationIsVisible = 0;
			defaultConfigurationName = Release;
		};
/* End XCConfigurationList section */

/* Begin XCVersionGroup section */
		44073B3F24C1E70100FF4955 /* Weather.xcdatamodeld */ = {
			isa = XCVersionGroup;
			children = (
				44073B4024C1E70100FF4955 /* Weather.xcdatamodel */,
			);
			currentVersion = 44073B4024C1E70100FF4955 /* Weather.xcdatamodel */;
			path = Weather.xcdatamodeld;
			sourceTree = "<group>";
			versionGroupType = wrapper.xcdatamodel;
		};
/* End XCVersionGroup section */
	};
	rootObject = 44073B3024C1E70100FF4955 /* Project object */;
}
